DEPENDENCIES
  apt
  capistrano
    path: site-cookbooks/capistrano
  hostsfile
  jenkins
    path: site-cookbooks/jenkins
  my-cnf
    path: site-cookbooks/my-cnf
  mysql
    path: site-cookbooks/mysql
  phpenv
    path: site-cookbooks/phpenv
  user-package
    path: site-cookbooks/user-package

GRAPH
  apt (5.0.0)
    compat_resource (>= 12.14.7)
  capistrano (0.1.0)
  compat_resource (12.16.2)
  hostsfile (2.4.5)
  jenkins (0.1.0)
  my-cnf (0.1.0)
  mysql (0.1.0)
  phpenv (0.1.0)
    hostsfile (>= 0.0.0)
  user-package (0.1.0)
